
Microsoft Visual Studio Solution File, Format Version 11.00
# Visual Studio 2010
Project("{FAE04EC0-301F-11D3-BF4B-00C04F79EFBC}") = "VS2010Project", "VS2010Project\VS2010Project.csproj", "{170679AD-22BE-482C-BACB-786A710D4B3B}"
EndProject
Global
	GlobalSection(SolutionConfigurationPlatforms) = preSolution
		Debug|Any CPU = Debug|Any CPU
		Release|Any CPU = Release|Any CPU
	EndGlobalSection
	GlobalSection(ProjectConfigurationPlatforms) = postSolution
		{170679AD-22BE-482C-BACB-786A710D4B3B}.Debug|Any CPU.ActiveCfg = Debug|Any CPU
		{170679AD-22BE-482C-BACB-786A710D4B3B}.Debug|Any CPU.Build.0 = Debug|Any CPU
		{170679AD-22BE-482C-BACB-786A710D4B3B}.Release|Any CPU.ActiveCfg = Release|Any CPU
		{170679AD-22BE-482C-BACB-786A710D4B3B}.Release|Any CPU.Build.0 = Release|Any CPU
	EndGlobalSection
	GlobalSection(SolutionProperties) = preSolution
		HideSolutionNode = FALSE
	EndGlobalSection
EndGlobal
